
Microsoft Visual Studio Solution File, Format Version 12.00
# Visual Studio Version 17
VisualStudioVersion = 17.9.34728.123
MinimumVisualStudioVersion = 10.0.40219.1
Project("{FAE04EC0-301F-11D3-BF4B-00C04F79EFBC}") = "Maui_Api", "Maui_Api.csproj", "{B27AEA6F-7A9B-4D3E-970B-B415EDB3EAF8}"
EndProject
Global
	GlobalSection(SolutionConfigurationPlatforms) = preSolution
		Debug|Any CPU = Debug|Any CPU
		Release|Any CPU = Release|Any CPU
	EndGlobalSection
	GlobalSection(ProjectConfigurationPlatforms) = postSolution
		{B27AEA6F-7A9B-4D3E-970B-B415EDB3EAF8}.Debug|Any CPU.ActiveCfg = Debug|Any CPU
		{B27AEA6F-7A9B-4D3E-970B-B415EDB3EAF8}.Debug|Any CPU.Build.0 = Debug|Any CPU
		{B27AEA6F-7A9B-4D3E-970B-B415EDB3EAF8}.Release|Any CPU.ActiveCfg = Release|Any CPU
		{B27AEA6F-7A9B-4D3E-970B-B415EDB3EAF8}.Release|Any CPU.Build.0 = Release|Any CPU
	EndGlobalSection
	GlobalSection(SolutionProperties) = preSolution
		HideSolutionNode = FALSE
	EndGlobalSection
	GlobalSection(ExtensibilityGlobals) = postSolution
		SolutionGuid = {D746C3CB-23F4-48EB-A74B-D2D9A3F712AF}
	EndGlobalSection
EndGlobal
